
Microsoft Visual Studio Solution File, Format Version 12.00
# Visual Studio Version 17
VisualStudioVersion = 17.10.35013.160
MinimumVisualStudioVersion = 10.0.40219.1
Project("{FAE04EC0-301F-11D3-BF4B-00C04F79EFBC}") = "WinFormsFakeStoreAPI", "WinFormsFakeStoreAPI.csproj", "{3CBF2874-ACAB-4227-AD42-7A584B4E0A88}"
EndProject
Global
	GlobalSection(SolutionConfigurationPlatforms) = preSolution
		Debug|Any CPU = Debug|Any CPU
		Release|Any CPU = Release|Any CPU
	EndGlobalSection
	GlobalSection(ProjectConfigurationPlatforms) = postSolution
		{3CBF2874-ACAB-4227-AD42-7A584B4E0A88}.Debug|Any CPU.ActiveCfg = Debug|Any CPU
		{3CBF2874-ACAB-4227-AD42-7A584B4E0A88}.Debug|Any CPU.Build.0 = Debug|Any CPU
		{3CBF2874-ACAB-4227-AD42-7A584B4E0A88}.Release|Any CPU.ActiveCfg = Release|Any CPU
		{3CBF2874-ACAB-4227-AD42-7A584B4E0A88}.Release|Any CPU.Build.0 = Release|Any CPU
	EndGlobalSection
	GlobalSection(SolutionProperties) = preSolution
		HideSolutionNode = FALSE
	EndGlobalSection
	GlobalSection(ExtensibilityGlobals) = postSolution
		SolutionGuid = {FA706CD1-6307-4EBC-8EB7-DA8EA17C2DE5}
	EndGlobalSection
EndGlobal
